
Microsoft Visual Studio Solution File, Format Version 12.00
# Visual Studio Version 17
VisualStudioVersion = 17.0.32126.317
MinimumVisualStudioVersion = 10.0.40219.1
Project("{FAE04EC0-301F-11D3-BF4B-00C04F79EFBC}") = "SalaryDatabase", "SalaryDatabase\SalaryDatabase.csproj", "{1A523661-7F46-46A4-BC88-64ED17867D3E}"
EndProject
Global
	GlobalSection(SolutionConfigurationPlatforms) = preSolution
		Debug|Any CPU = Debug|Any CPU
		Release|Any CPU = Release|Any CPU
	EndGlobalSection
	GlobalSection(ProjectConfigurationPlatforms) = postSolution
		{1A523661-7F46-46A4-BC88-64ED17867D3E}.Debug|Any CPU.ActiveCfg = Debug|Any CPU
		{1A523661-7F46-46A4-BC88-64ED17867D3E}.Debug|Any CPU.Build.0 = Debug|Any CPU
		{1A523661-7F46-46A4-BC88-64ED17867D3E}.Release|Any CPU.ActiveCfg = Release|Any CPU
		{1A523661-7F46-46A4-BC88-64ED17867D3E}.Release|Any CPU.Build.0 = Release|Any CPU
	EndGlobalSection
	GlobalSection(SolutionProperties) = preSolution
		HideSolutionNode = FALSE
	EndGlobalSection
	GlobalSection(ExtensibilityGlobals) = postSolution
		SolutionGuid = {24E6857C-3F6B-44DE-A514-F43011861AAA}
	EndGlobalSection
EndGlobal
